# THIS IS AN AUTOGENERATED FILE. DO NOT EDIT THIS FILE DIRECTLY.
# yarn lockfile v1


"@datocms/cma-client-node@^5.1.23":
  version "5.1.23"
  resolved "https://registry.yarnpkg.com/@datocms/cma-client-node/-/cma-client-node-5.1.23.tgz#d5b693cb388ca27428858d449906efaf17126cb6"
  integrity sha512-DkYbaS4GbWcg2yaCWf65rUQgfrHsUwVx13s5vtvCuw2LZTwYNnfA2jLpGNSmVLerRQ4MnNnEDSmT+34XBSelew==
  dependencies:
    "@datocms/cma-client" "^5.1.23"
    "@datocms/rest-client-utils" "^5.1.13"
    mime-types "^2.1.35"
    tmp-promise "^3.0.3"

"@datocms/cma-client@^5.1.23":
  version "5.1.23"
  resolved "https://registry.yarnpkg.com/@datocms/cma-client/-/cma-client-5.1.23.tgz#935da22f09a8d353616d52a2ceda90e19f300044"
  integrity sha512-lMXTUbmeYHkptUMY/jpWlv4DsI/tyny1Scw6zcYeJncKsrDZpOmVCVzq5OzgRe8Wopu/4aZ6DqqGLNzYJLba2w==
  dependencies:
    "@datocms/rest-client-utils" "^5.1.13"
    datocms-structured-text-utils "^5.1.4"
    uuid "^9.0.1"

"@datocms/rest-client-utils@^5.1.13":
  version "5.1.13"
  resolved "https://registry.yarnpkg.com/@datocms/rest-client-utils/-/rest-client-utils-5.1.13.tgz#f7af14a1f570d5e2d440d6722b49158698a56ef4"
  integrity sha512-0sGxoLnjagcMb8/lCcar3XuAW7UCszraNsAiCBnb14ibodJbhCQwERkO8kmR9APYh+hlcm8DJ2yVyQAcg413ng==
  dependencies:
    async-scheduler "^1.4.4"

array-flatten@^3.0.0:
  version "3.0.0"
  resolved "https://registry.yarnpkg.com/array-flatten/-/array-flatten-3.0.0.tgz#6428ca2ee52c7b823192ec600fa3ed2f157cd541"
  integrity sha512-zPMVc3ZYlGLNk4mpK1NzP2wg0ml9t7fUgDsayR5Y5rSzxQilzR9FGu/EH2jQOcKSAeAfWeylyW8juy3OkWRvNA==

async-scheduler@^1.4.4:
  version "1.4.4"
  resolved "https://registry.yarnpkg.com/async-scheduler/-/async-scheduler-1.4.4.tgz#68004f38483eb78457268d22c8fa02c90cd22202"
  integrity sha512-KVWlF6WKlUGJA8FOJYVVk7xDm3PxITWXp9hTeDsXMtUPvItQ2x6g2rIeNAa0TtAiiWvHJqhyA3wo+pj0rA7Ldg==

datocms-structured-text-utils@^5.1.4:
  version "5.1.6"
  resolved "https://registry.yarnpkg.com/datocms-structured-text-utils/-/datocms-structured-text-utils-5.1.6.tgz#48901a9b8fee2c1b4d01a4a1071249ed670e89a4"
  integrity sha512-LDk8R5byWmBmK5dIWiTvfPe7pBn9xkZ3VMxevsoNuiffVsz2T3SgtdqNBnGIKaEmxJ3dln/IvxSbkvULf1Y9Eg==
  dependencies:
    array-flatten "^3.0.0"

mime-db@1.52.0:
  version "1.52.0"
  resolved "https://registry.yarnpkg.com/mime-db/-/mime-db-1.52.0.tgz#bbabcdc02859f4987301c856e3387ce5ec43bf70"
  integrity sha512-sPU4uV7dYlvtWJxwwxHD0PuihVNiE7TyAbQ5SWxDCB9mUYvOgroQOwYQQOKPJ8CIbE+1ETVlOoK1UC2nU3gYvg==

mime-types@^2.1.35:
  version "2.1.35"
  resolved "https://registry.yarnpkg.com/mime-types/-/mime-types-2.1.35.tgz#381a871b62a734450660ae3deee44813f70d959a"
  integrity sha512-ZDY+bPm5zTTF+YpCrAU9nK0UgICYPT0QtT1NZWFv4s++TNkcgVaT0g6+4R2uI4MjQjzysHB1zxuWL50hzaeXiw==
  dependencies:
    mime-db "1.52.0"

tmp-promise@^3.0.3:
  version "3.0.3"
  resolved "https://registry.yarnpkg.com/tmp-promise/-/tmp-promise-3.0.3.tgz#60a1a1cc98c988674fcbfd23b6e3367bdeac4ce7"
  integrity sha512-RwM7MoPojPxsOBYnyd2hy0bxtIlVrihNs9pj5SUvY8Zz1sQcQG2tG1hSr8PDxfgEB8RNKDhqbIlroIarSNDNsQ==
  dependencies:
    tmp "^0.2.0"

tmp@^0.2.0:
  version "0.2.5"
  resolved "https://registry.yarnpkg.com/tmp/-/tmp-0.2.5.tgz#b06bcd23f0f3c8357b426891726d16015abfd8f8"
  integrity sha512-voyz6MApa1rQGUxT3E+BK7/ROe8itEx7vD8/HEvt4xwXucvQ5G5oeEiHkmHZJuBO21RpOf+YYm9MOivj709jow==

uuid@^9.0.1:
  version "9.0.1"
  resolved "https://registry.yarnpkg.com/uuid/-/uuid-9.0.1.tgz#e188d4c8853cc722220392c424cd637f32293f30"
  integrity sha512-b+1eJOlsR9K8HJpow9Ok3fiWOWSIcIzXodvv0rQjVoOVNpWMpxf1wZNpt4y9h10odCNrqnYp1OBzRktckBe3sA==
